{
    "_meta": {
        "hash": {
            "sha256": "2d97ff93e1ef0e93e6b871301dd33ebb418dd74423afddf4e3a344e869c03d4a"
        },
        "pipfile-spec": 6,
        "requires": {
            "python_version": "3.6"
        },
        "sources": [
            {
                "name": "pypi",
                "url": "https://pypi.org/simple",
                "verify_ssl": true
            }
        ]
    },
    "default": {
        "six": {
            "hashes": [
                "sha256:3350809f0555b11f552448330d0b52d5f24c91a322ea4a15ef22629740f3761c",
                "sha256:d16a0141ec1a18405cd4ce8b4613101da75da0e9a7aec5bdd4fa804d0e0eba73"
            ],
            "index": "pypi",
            "version": "==1.12.0"
        },
        "treetaggerwrapper": {
            "hashes": [
                "sha256:8d4a291fef263ee8b546e6368e407e984ba466d5afa56e6ffc2ae495f3414b67"
            ],
            "index": "pypi",
            "version": "==2.3"
        }
    },
    "develop": {}
}
